
Microsoft Visual Studio Solution File, Format Version 12.00
# Visual Studio Version 17
Project("{8BC9CEB8-8B4A-11D0-8D11-00A0C91BC942}") = "ALL_BUILD", "ALL_BUILD.vcxproj", "{2FEED596-4CE1-3117-A2AB-AB88005F8586}"
	ProjectSection(ProjectDependencies) = postProject
		{76CC21F8-BA3D-3CFB-A3EA-A8DAB2730118} = {76CC21F8-BA3D-3CFB-A3EA-A8DAB2730118}
		{585F2730-CA97-33A5-801B-41AEC151230C} = {585F2730-CA97-33A5-801B-41AEC151230C}
	EndProjectSection
EndProject
Project("{8BC9CEB8-8B4A-11D0-8D11-00A0C91BC942}") = "INSTALL", "INSTALL.vcxproj", "{D07C18C8-B4E1-374E-8255-3DCCB458A349}"
	ProjectSection(ProjectDependencies) = postProject
		{2FEED596-4CE1-3117-A2AB-AB88005F8586} = {2FEED596-4CE1-3117-A2AB-AB88005F8586}
		{76CC21F8-BA3D-3CFB-A3EA-A8DAB2730118} = {76CC21F8-BA3D-3CFB-A3EA-A8DAB2730118}
	EndProjectSection
EndProject
Project("{8BC9CEB8-8B4A-11D0-8D11-00A0C91BC942}") = "ZERO_CHECK", "ZERO_CHECK.vcxproj", "{76CC21F8-BA3D-3CFB-A3EA-A8DAB2730118}"
	ProjectSection(ProjectDependencies) = postProject
	EndProjectSection
EndProject
Project("{8BC9CEB8-8B4A-11D0-8D11-00A0C91BC942}") = "avp", "avp.vcxproj", "{585F2730-CA97-33A5-801B-41AEC151230C}"
	ProjectSection(ProjectDependencies) = postProject
		{76CC21F8-BA3D-3CFB-A3EA-A8DAB2730118} = {76CC21F8-BA3D-3CFB-A3EA-A8DAB2730118}
	EndProjectSection
EndProject
Global
	GlobalSection(SolutionConfigurationPlatforms) = preSolution
		Debug|ARM64 = Debug|ARM64
		Release|ARM64 = Release|ARM64
		MinSizeRel|ARM64 = MinSizeRel|ARM64
		RelWithDebInfo|ARM64 = RelWithDebInfo|ARM64
	EndGlobalSection
	GlobalSection(ProjectConfigurationPlatforms) = postSolution
		{2FEED596-4CE1-3117-A2AB-AB88005F8586}.Debug|ARM64.ActiveCfg = Debug|ARM64
		{2FEED596-4CE1-3117-A2AB-AB88005F8586}.Debug|ARM64.Build.0 = Debug|ARM64
		{2FEED596-4CE1-3117-A2AB-AB88005F8586}.Release|ARM64.ActiveCfg = Release|ARM64
		{2FEED596-4CE1-3117-A2AB-AB88005F8586}.Release|ARM64.Build.0 = Release|ARM64
		{2FEED596-4CE1-3117-A2AB-AB88005F8586}.MinSizeRel|ARM64.ActiveCfg = MinSizeRel|ARM64
		{2FEED596-4CE1-3117-A2AB-AB88005F8586}.MinSizeRel|ARM64.Build.0 = MinSizeRel|ARM64
		{2FEED596-4CE1-3117-A2AB-AB88005F8586}.RelWithDebInfo|ARM64.ActiveCfg = RelWithDebInfo|ARM64
		{2FEED596-4CE1-3117-A2AB-AB88005F8586}.RelWithDebInfo|ARM64.Build.0 = RelWithDebInfo|ARM64
		{D07C18C8-B4E1-374E-8255-3DCCB458A349}.Debug|ARM64.ActiveCfg = Debug|ARM64
		{D07C18C8-B4E1-374E-8255-3DCCB458A349}.Release|ARM64.ActiveCfg = Release|ARM64
		{D07C18C8-B4E1-374E-8255-3DCCB458A349}.MinSizeRel|ARM64.ActiveCfg = MinSizeRel|ARM64
		{D07C18C8-B4E1-374E-8255-3DCCB458A349}.RelWithDebInfo|ARM64.ActiveCfg = RelWithDebInfo|ARM64
		{76CC21F8-BA3D-3CFB-A3EA-A8DAB2730118}.Debug|ARM64.ActiveCfg = Debug|ARM64
		{76CC21F8-BA3D-3CFB-A3EA-A8DAB2730118}.Debug|ARM64.Build.0 = Debug|ARM64
		{76CC21F8-BA3D-3CFB-A3EA-A8DAB2730118}.Release|ARM64.ActiveCfg = Release|ARM64
		{76CC21F8-BA3D-3CFB-A3EA-A8DAB2730118}.Release|ARM64.Build.0 = Release|ARM64
		{76CC21F8-BA3D-3CFB-A3EA-A8DAB2730118}.MinSizeRel|ARM64.ActiveCfg = MinSizeRel|ARM64
		{76CC21F8-BA3D-3CFB-A3EA-A8DAB2730118}.MinSizeRel|ARM64.Build.0 = MinSizeRel|ARM64
		{76CC21F8-BA3D-3CFB-A3EA-A8DAB2730118}.RelWithDebInfo|ARM64.ActiveCfg = RelWithDebInfo|ARM64
		{76CC21F8-BA3D-3CFB-A3EA-A8DAB2730118}.RelWithDebInfo|ARM64.Build.0 = RelWithDebInfo|ARM64
		{585F2730-CA97-33A5-801B-41AEC151230C}.Debug|ARM64.ActiveCfg = Debug|ARM64
		{585F2730-CA97-33A5-801B-41AEC151230C}.Debug|ARM64.Build.0 = Debug|ARM64
		{585F2730-CA97-33A5-801B-41AEC151230C}.Release|ARM64.ActiveCfg = Release|ARM64
		{585F2730-CA97-33A5-801B-41AEC151230C}.Release|ARM64.Build.0 = Release|ARM64
		{585F2730-CA97-33A5-801B-41AEC151230C}.MinSizeRel|ARM64.ActiveCfg = MinSizeRel|ARM64
		{585F2730-CA97-33A5-801B-41AEC151230C}.MinSizeRel|ARM64.Build.0 = MinSizeRel|ARM64
		{585F2730-CA97-33A5-801B-41AEC151230C}.RelWithDebInfo|ARM64.ActiveCfg = RelWithDebInfo|ARM64
		{585F2730-CA97-33A5-801B-41AEC151230C}.RelWithDebInfo|ARM64.Build.0 = RelWithDebInfo|ARM64
	EndGlobalSection
	GlobalSection(ExtensibilityGlobals) = postSolution
		SolutionGuid = {623B313A-C10B-3797-BE9B-7BD93191AD7D}
	EndGlobalSection
	GlobalSection(ExtensibilityAddIns) = postSolution
	EndGlobalSection
EndGlobal
